{
  "name": "translation-portal-browser",
  "version": "0.0.1",
  "lockfileVersion": 1,
  "requires": true,
  "dependencies": {
    "@alexamies/chinesedict-js": {
      "version": "0.0.8",
      "resolved": "https://registry.npmjs.org/@alexamies/chinesedict-js/-/chinesedict-js-0.0.8.tgz",
      "integrity": "sha512-iqPHAaT0Cqrk3wQ16SvO5VuSNIKPNWUm/mmuegSZfmpTilTtJFe3q0vqHWLO9lqwjXE6ipetKO3LUcTxR1mVYw==",
      "requires": {
        "dialog-polyfill": "^0.4.10"
      }
    },
    "dialog-polyfill": {
      "version": "0.4.10",
      "resolved": "https://registry.npmjs.org/dialog-polyfill/-/dialog-polyfill-0.4.10.tgz",
      "integrity": "sha512-j5yGMkP8T00UFgyO+78OxiN5vC5dzRQF3BEio+LhNvDbyfxWBsi3sfPArDm54VloaJwy2hm3erEiDWqHRC8rzw=="
    }
  }
}
